// !$*UTF8*$!
{
	archiveVersion = 1;
	classes = {
	};
	objectVersion = 46;
	objects = {

/* Begin PBXBuildFile section */
		F79DAF1E1BF0EA09004C0ADB /* AppDelegate.swift in Sources */ = {isa = PBXBuildFile; fileRef = F79DAF1D1BF0EA09004C0ADB /* AppDelegate.swift */; };
		F79DAF201BF0EA09004C0ADB /* ViewController.swift in Sources */ = {isa = PBXBuildFile; fileRef = F79DAF1F1BF0EA09004C0ADB /* ViewController.swift */; };
		F79DAF231BF0EA09004C0ADB /* Main.storyboard in Resources */ = {isa = PBXBuildFile; fileRef = F79DAF211BF0EA09004C0ADB /* Main.storyboard */; };
		F79DAF251BF0EA09004C0ADB /* Assets.xcassets in Resources */ = {isa = PBXBuildFile; fileRef = F79DAF241BF0EA09004C0ADB /* Assets.xcassets */; };
		F79DAF281BF0EA09004C0ADB /* LaunchScreen.storyboard in Resources */ = {isa = PBXBuildFile; fileRef = F79DAF261BF0EA09004C0ADB /* LaunchScreen.storyboard */; };
/* End PBXBuildFile section */

/* Begin PBXFileReference section */
		F79DAF1A1BF0EA09004C0ADB /* PicOnPic.app */ = {isa = PBXFileReference; explicitFileType = wrapper.application; includeInIndex = 0; path = PicOnPic.app; sourceTree = BUILT_PRODUCTS_DIR; };
		F79DAF1D1BF0EA09004C0ADB /* AppDelegate.swift */ = {isa = PBXFileReference; lastKnownFileType = sourcecode.swift; path = AppDelegate.swift; sourceTree = "<group>"; };
		F79DAF1F1BF0EA09004C0ADB /* ViewController.swift */ = {isa = PBXFileReference; lastKnownFileType = sourcecode.swift; path = ViewController.swift; sourceTree = "<group>"; };
		F79DAF221BF0EA09004C0ADB /* Base */ = {isa = PBXFileReference; lastKnownFileType = file.storyboard; name = Base; path = Base.lproj/Main.storyboard; sourceTree = "<group>"; };
		F79DAF241BF0EA09004C0ADB /* Assets.xcassets */ = {isa = PBXFileReference; lastKnownFileType = folder.assetcatalog; path = Assets.xcassets; sourceTree = "<group>"; };
		F79DAF271BF0EA09004C0ADB /* Base */ = {isa = PBXFileReference; lastKnownFileType = file.storyboard; name = Base; path = Base.lproj/LaunchScreen.storyboard; sourceTree = "<group>"; };
		F79DAF291BF0EA09004C0ADB /* Info.plist */ = {isa = PBXFileReference; lastKnownFileType = text.plist.xml; path = Info.plist; sourceTree = "<group>"; };
/* End PBXFileReference section */

/* Begin PBXFrameworksBuildPhase section */
		F79DAF171BF0EA09004C0ADB /* Frameworks */ = {
			isa = PBXFrameworksBuildPhase;
			buildActionMask = 2147483647;
			files = (
			);
			runOnlyForDeploymentPostprocessing = 0;
		};
/* End PBXFrameworksBuildPhase section */

/* Begin PBXGroup section */
		F79DAF111BF0EA09004C0ADB = {
			isa = PBXGroup;
			children = (
				F79DAF1C1BF0EA09004C0ADB /* PicOnPic */,
				F79DAF1B1BF0EA09004C0ADB /* Products */,
			);
			sourceTree = "<group>";
		};
		F79DAF1B1BF0EA09004C0ADB /* Products */ = {
			isa = PBXGroup;
			children = (
				F79DAF1A1BF0EA09004C0ADB /* PicOnPic.app */,
			);
			name = Products;
			sourceTree = "<group>";
		};
		F79DAF1C1BF0EA09004C0ADB /* PicOnPic */ = {
			isa = PBXGroup;
			children = (
				F79DAF1D1BF0EA09004C0ADB /* AppDelegate.swift */,
				F79DAF1F1BF0EA09004C0ADB /* ViewController.swift */,
				F79DAF211BF0EA09004C0ADB /* Main.storyboard */,
				F79DAF241BF0EA09004C0ADB /* Assets.xcassets */,
				F79DAF261BF0EA09004C0ADB /* LaunchScreen.storyboard */,
				F79DAF291BF0EA09004C0ADB /* Info.plist */,
			);
			path = PicOnPic;
			sourceTree = "<group>";
		};
/* End PBXGroup section */

/* Begin PBXNativeTarget section */
		F79DAF191BF0EA09004C0ADB /* PicOnPic */ = {
			isa = PBXNativeTarget;
			buildConfigurationList = F79DAF2C1BF0EA09004C0ADB /* Build configuration list for PBXNativeTarget "PicOnPic" */;
			buildPhases = (
				F79DAF161BF0EA09004C0ADB /* Sources */,
				F79DAF171BF0EA09004C0ADB /* Frameworks */,
				F79DAF181BF0EA09004C0ADB /* Resources */,
			);
			buildRules = (
			);
			dependencies = (
			);
			name = PicOnPic;
			productName = PicOnPic;
			productReference = F79DAF1A1BF0EA09004C0ADB /* PicOnPic.app */;
			productType = "com.apple.product-type.application";
		};
/* End PBXNativeTarget section */

/* Begin PBXProject section */
		F79DAF121BF0EA09004C0ADB /* Project object */ = {
			isa = PBXProject;
			attributes = {
				LastSwiftUpdateCheck = 0710;
				LastUpgradeCheck = 0710;
				ORGANIZATIONNAME = "Adam Nagy";
				TargetAttributes = {
					F79DAF191BF0EA09004C0ADB = {
						CreatedOnToolsVersion = 7.1;
					};
				};
			};
			buildConfigurationList = F79DAF151BF0EA09004C0ADB /* Build configuration list for PBXProject "PicOnPic" */;
			compatibilityVersion = "Xcode 3.2";
			developmentRegion = English;
			hasScannedForEncodings = 0;
			knownRegions = (
				en,
				Base,
			);
			mainGroup = F79DAF111BF0EA09004C0ADB;
			productRefGroup = F79DAF1B1BF0EA09004C0ADB /* Products */;
			projectDirPath = "";
			projectRoot = "";
			targets = (
				F79DAF191BF0EA09004C0ADB /* PicOnPic */,
			);
		};
/* End PBXProject section */

/* Begin PBXResourcesBuildPhase section */
		F79DAF181BF0EA09004C0ADB /* Resources */ = {
			isa = PBXResourcesBuildPhase;
			buildActionMask = 2147483647;
			files = (
				F79DAF281BF0EA09004C0ADB /* LaunchScreen.storyboard in Resources */,
				F79DAF251BF0EA09004C0ADB /* Assets.xcassets in Resources */,
				F79DAF231BF0EA09004C0ADB /* Main.storyboard in Resources */,
			);
			runOnlyForDeploymentPostprocessing = 0;
		};
/* End PBXResourcesBuildPhase section */

/* Begin PBXSourcesBuildPhase section */
		F79DAF161BF0EA09004C0ADB /* Sources */ = {
			isa = PBXSourcesBuildPhase;
			buildActionMask = 2147483647;
			files = (
				F79DAF201BF0EA09004C0ADB /* ViewController.swift in Sources */,
				F79DAF1E1BF0EA09004C0ADB /* AppDelegate.swift in Sources */,
			);
			runOnlyForDeploymentPostprocessing = 0;
		};
/* End PBXSourcesBuildPhase section */

/* Begin PBXVariantGroup section */
		F79DAF211BF0EA09004C0ADB /* Main.storyboard */ = {
			isa = PBXVariantGroup;
			children = (
				F79DAF221BF0EA09004C0ADB /* Base */,
			);
			name = Main.storyboard;
			sourceTree = "<group>";
		};
		F79DAF261BF0EA09004C0ADB /* LaunchScreen.storyboard */ = {
			isa = PBXVariantGroup;
			children = (
				F79DAF271BF0EA09004C0ADB /* Base */,
			);
			name = LaunchScreen.storyboard;
			sourceTree = "<group>";
		};
/* End PBXVariantGroup section */

/* Begin XCBuildConfiguration section */
		F79DAF2A1BF0EA09004C0ADB /* Debug */ = {
			isa = XCBuildConfiguration;
			buildSettings = {
				ALWAYS_SEARCH_USER_PATHS = NO;
				CLANG_CXX_LANGUAGE_STANDARD = "gnu++0x";
				CLANG_CXX_LIBRARY = "libc++";
				CLANG_ENABLE_MODULES = YES;
				CLANG_ENABLE_OBJC_ARC = YES;
				CLANG_WARN_BOOL_CONVERSION = YES;
				CLANG_WARN_CONSTANT_CONVERSION = YES;
				CLANG_WARN_DIRECT_OBJC_ISA_USAGE = YES_ERROR;
				CLANG_WARN_EMPTY_BODY = YES;
				CLANG_WARN_ENUM_CONVERSION = YES;
				CLANG_WARN_INT_CONVERSION = YES;
				CLANG_WARN_OBJC_ROOT_CLASS = YES_ERROR;
				CLANG_WARN_UNREACHABLE_CODE = YES;
				CLANG_WARN__DUPLICATE_METHOD_MATCH = YES;
				"CODE_SIGN_IDENTITY[sdk=iphoneos*]" = "iPhone Developer";
				COPY_PHASE_STRIP = NO;
				DEBUG_INFORMATION_FORMAT = dwarf;
				ENABLE_STRICT_OBJC_MSGSEND = YES;
				ENABLE_TESTABILITY = YES;
				GCC_C_LANGUAGE_STANDARD = gnu99;
				GCC_DYNAMIC_NO_PIC = NO;
				GCC_NO_COMMON_BLOCKS = YES;
				GCC_OPTIMIZATION_LEVEL = 0;
				GCC_PREPROCESSOR_DEFINITIONS = (
					"DEBUG=1",
					"$(inherited)",
				);
				GCC_WARN_64_TO_32_BIT_CONVERSION = YES;
				GCC_WARN_ABOUT_RETURN_TYPE = YES_ERROR;
				GCC_WARN_UNDECLARED_SELECTOR = YES;
				GCC_WARN_UNINITIALIZED_AUTOS = YES_AGGRESSIVE;
				GCC_WARN_UNUSED_FUNCTION = YES;
				GCC_WARN_UNUSED_VARIABLE = YES;
				IPHONEOS_DEPLOYMENT_TARGET = 9.1;
				MTL_ENABLE_DEBUG_INFO = YES;
				ONLY_ACTIVE_ARCH = YES;
				SDKROOT = iphoneos;
				SWIFT_OPTIMIZATION_LEVEL = "-Onone";
				TARGETED_DEVICE_FAMILY = "1,2";
			};
			name = Debug;
		};
		F79DAF2B1BF0EA09004C0ADB /* Release */ = {
			isa = XCBuildConfiguration;
			buildSettings = {
				ALWAYS_SEARCH_USER_PATHS = NO;
				CLANG_CXX_LANGUAGE_STANDARD = "gnu++0x";
				CLANG_CXX_LIBRARY = "libc++";
				CLANG_ENABLE_MODULES = YES;
				CLANG_ENABLE_OBJC_ARC = YES;
				CLANG_WARN_BOOL_CONVERSION = YES;
				CLANG_WARN_CONSTANT_CONVERSION = YES;
				CLANG_WARN_DIRECT_OBJC_ISA_USAGE = YES_ERROR;
				CLANG_WARN_EMPTY_BODY = YES;
				CLANG_WARN_ENUM_CONVERSION = YES;
				CLANG_WARN_INT_CONVERSION = YES;
				CLANG_WARN_OBJC_ROOT_CLASS = YES_ERROR;
				CLANG_WARN_UNREACHABLE_CODE = YES;
				CLANG_WARN__DUPLICATE_METHOD_MATCH = YES;
				"CODE_SIGN_IDENTITY[sdk=iphoneos*]" = "iPhone Developer";
				COPY_PHASE_STRIP = NO;
				DEBUG_INFORMATION_FORMAT = "dwarf-with-dsym";
				ENABLE_NS_ASSERTIONS = NO;
				ENABLE_STRICT_OBJC_MSGSEND = YES;
				GCC_C_LANGUAGE_STANDARD = gnu99;
				GCC_NO_COMMON_BLOCKS = YES;
				GCC_WARN_64_TO_32_BIT_CONVERSION = YES;
				GCC_WARN_ABOUT_RETURN_TYPE = YES_ERROR;
				GCC_WARN_UNDECLARED_SELECTOR = YES;
				GCC_WARN_UNINITIALIZED_AUTOS = YES_AGGRESSIVE;
				GCC_WARN_UNUSED_FUNCTION = YES;
				GCC_WARN_UNUSED_VARIABLE = YES;
				IPHONEOS_DEPLOYMENT_TARGET = 9.1;
				MTL_ENABLE_DEBUG_INFO = NO;
				SDKROOT = iphoneos;
				TARGETED_DEVICE_FAMILY = "1,2";
				VALIDATE_PRODUCT = YES;
			};
			name = Release;
		};
		F79DAF2D1BF0EA09004C0ADB /* Debug */ = {
			isa = XCBuildConfiguration;
			buildSettings = {
				ASSETCATALOG_COMPILER_APPICON_NAME = AppIcon;
				INFOPLIST_FILE = PicOnPic/Info.plist;
				LD_RUNPATH_SEARCH_PATHS = "$(inherited) @executable_path/Frameworks";
				PRODUCT_BUNDLE_IDENTIFIER = com.autodesk.PicOnPic;
				PRODUCT_NAME = "$(TARGET_NAME)";
			};
			name = Debug;
		};
		F79DAF2E1BF0EA09004C0ADB /* Release */ = {
			isa = XCBuildConfiguration;
			buildSettings = {
				ASSETCATALOG_COMPILER_APPICON_NAME = AppIcon;
				INFOPLIST_FILE = PicOnPic/Info.plist;
				LD_RUNPATH_SEARCH_PATHS = "$(inherited) @executable_path/Frameworks";
				PRODUCT_BUNDLE_IDENTIFIER = com.autodesk.PicOnPic;
				PRODUCT_NAME = "$(TARGET_NAME)";
			};
			name = Release;
		};
/* End XCBuildConfiguration section */

/* Begin XCConfigurationList section */
		F79DAF151BF0EA09004C0ADB /* Build configuration list for PBXProject "PicOnPic" */ = {
			isa = XCConfigurationList;
			buildConfigurations = (
				F79DAF2A1BF0EA09004C0ADB /* Debug */,
				F79DAF2B1BF0EA09004C0ADB /* Release */,
			);
			defaultConfigurationIsVisible = 0;
			defaultConfigurationName = Release;
		};
		F79DAF2C1BF0EA09004C0ADB /* Build configuration list for PBXNativeTarget "PicOnPic" */ = {
			isa = XCConfigurationList;
			buildConfigurations = (
				F79DAF2D1BF0EA09004C0ADB /* Debug */,
				F79DAF2E1BF0EA09004C0ADB /* Release */,
			);
			defaultConfigurationIsVisible = 0;
		};
/* End XCConfigurationList section */
	};
	rootObject = F79DAF121BF0EA09004C0ADB /* Project object */;
}
